
Microsoft Visual Studio Solution File, Format Version 12.00
# Visual Studio Version 17
VisualStudioVersion = 17.2.32616.157
MinimumVisualStudioVersion = 10.0.40219.1
Project("{9A19103F-16F7-4668-BE54-9A1E7A4F7556}") = "NLPConsole", "NLPConsole\NLPConsole.csproj", "{9BEDD520-BF13-4494-A27E-53FAA96F2F57}"
EndProject
Project("{00D1A9C2-B5F0-4AF3-8072-F6C62B433612}") = "NLPDatabase", "NLPDatabase\NLPDatabase.sqlproj", "{D3417EBD-2ADB-4E42-975E-6872C67C64C4}"
EndProject
Global
	GlobalSection(SolutionConfigurationPlatforms) = preSolution
		Debug|Any CPU = Debug|Any CPU
		Release|Any CPU = Release|Any CPU
	EndGlobalSection
	GlobalSection(ProjectConfigurationPlatforms) = postSolution
		{9BEDD520-BF13-4494-A27E-53FAA96F2F57}.Debug|Any CPU.ActiveCfg = Debug|Any CPU
		{9BEDD520-BF13-4494-A27E-53FAA96F2F57}.Debug|Any CPU.Build.0 = Debug|Any CPU
		{9BEDD520-BF13-4494-A27E-53FAA96F2F57}.Release|Any CPU.ActiveCfg = Release|Any CPU
		{9BEDD520-BF13-4494-A27E-53FAA96F2F57}.Release|Any CPU.Build.0 = Release|Any CPU
		{D3417EBD-2ADB-4E42-975E-6872C67C64C4}.Debug|Any CPU.ActiveCfg = Debug|Any CPU
		{D3417EBD-2ADB-4E42-975E-6872C67C64C4}.Debug|Any CPU.Build.0 = Debug|Any CPU
		{D3417EBD-2ADB-4E42-975E-6872C67C64C4}.Debug|Any CPU.Deploy.0 = Debug|Any CPU
		{D3417EBD-2ADB-4E42-975E-6872C67C64C4}.Release|Any CPU.ActiveCfg = Release|Any CPU
		{D3417EBD-2ADB-4E42-975E-6872C67C64C4}.Release|Any CPU.Build.0 = Release|Any CPU
		{D3417EBD-2ADB-4E42-975E-6872C67C64C4}.Release|Any CPU.Deploy.0 = Release|Any CPU
	EndGlobalSection
	GlobalSection(SolutionProperties) = preSolution
		HideSolutionNode = FALSE
	EndGlobalSection
	GlobalSection(ExtensibilityGlobals) = postSolution
		SolutionGuid = {B5A4703F-A8A6-4DA3-AD16-2629AF9A33DA}
	EndGlobalSection
EndGlobal
